<Solution>
  <Folder Name="/modules/" />
  <Folder Name="/modules/Terrain/">
    <Project Path="modules/terrain/Core/Core.csproj" Id="b8023df7-591e-4018-bdfa-93b22eb4258a" />
    <Project Path="modules/terrain/Generic/Generic.csproj" Id="c63a0347-24bc-4442-b1fc-dddc81c99aa0" />
  </Folder>
  <Project Path="Collections/Collections.csproj" />
  <Project Path="Core/Core.csproj" />
  <Project Path="Generic/Generic.csproj" />
  <Project Path="Mathematics/Mathematics.csproj" />
</Solution>
