<Solution>
  <Folder Name="/modules/" />
  <Folder Name="/modules/Terrain/">
    <Project Path="Modules/Terrain/Core/Core.csproj" />
    <Project Path="Modules/Terrain/Generic/Generic.csproj" />
  </Folder>
  <Project Path="Json/Json/Json.csproj" />
  <Project Path="Json/SourceGenerators/Json.SourceGenerators.csproj" />
  <Project Path="ProceduralGraph/ProceduralGraph.csproj" />
</Solution>
