<Solution>
  <Folder Name="/src/">
    <Project Path="Core/Core.csproj" />
    <Project Path="Generic/Generic.csproj" Id="e5c845b2-c7df-43e7-a38a-469bfa78b8e7" />
    <Project Path="Serialization/Serialization.csproj" Id="047c1fb3-d605-4147-b4d4-3d1760a38986" />
  </Folder>
  <Folder Name="/tests/" />
</Solution>
